// !$*UTF8*$!
{
	archiveVersion = 1;
	classes = {
	};
	objectVersion = 46;
	objects = {

/* Begin PBXBuildFile section */
		DC4062861AF24E9F00AEB751 /* main.m in Sources */ = {isa = PBXBuildFile; fileRef = DC4062851AF24E9F00AEB751 /* main.m */; };
		DC4062891AF24E9F00AEB751 /* AppDelegate.m in Sources */ = {isa = PBXBuildFile; fileRef = DC4062881AF24E9F00AEB751 /* AppDelegate.m */; };
		DC40628C1AF24E9F00AEB751 /* MtZendoDemo.xcdatamodeld in Sources */ = {isa = PBXBuildFile; fileRef = DC40628A1AF24E9F00AEB751 /* MtZendoDemo.xcdatamodeld */; };
		DC40628F1AF24E9F00AEB751 /* ViewController.m in Sources */ = {isa = PBXBuildFile; fileRef = DC40628E1AF24E9F00AEB751 /* ViewController.m */; };
		DC4062921AF24E9F00AEB751 /* Main.storyboard in Resources */ = {isa = PBXBuildFile; fileRef = DC4062901AF24E9F00AEB751 /* Main.storyboard */; };
		DC4062941AF24E9F00AEB751 /* Images.xcassets in Resources */ = {isa = PBXBuildFile; fileRef = DC4062931AF24E9F00AEB751 /* Images.xcassets */; };
		DC4062971AF24E9F00AEB751 /* LaunchScreen.xib in Resources */ = {isa = PBXBuildFile; fileRef = DC4062951AF24E9F00AEB751 /* LaunchScreen.xib */; };
		DC4062A31AF24E9F00AEB751 /* MtZendoDemoTests.m in Sources */ = {isa = PBXBuildFile; fileRef = DC4062A21AF24E9F00AEB751 /* MtZendoDemoTests.m */; };
		DCD70AB21AF251D90069CA09 /* CoreMotion.framework in Frameworks */ = {isa = PBXBuildFile; fileRef = DCD70AB11AF251D90069CA09 /* CoreMotion.framework */; };
		DCD70AB31AF251DC0069CA09 /* libMtZendoLib.a in Frameworks */ = {isa = PBXBuildFile; fileRef = DC4062BD1AF2517F00AEB751 /* libMtZendoLib.a */; };
		DCD70AB81AF251FB0069CA09 /* QuartzCore.framework in Frameworks */ = {isa = PBXBuildFile; fileRef = DCD70AB71AF251FB0069CA09 /* QuartzCore.framework */; };
		DCD70ABA1AF252000069CA09 /* CoreGraphics.framework in Frameworks */ = {isa = PBXBuildFile; fileRef = DCD70AB91AF252000069CA09 /* CoreGraphics.framework */; };
		DCD70AC81AF2531E0069CA09 /* ProfileViewController.m in Sources */ = {isa = PBXBuildFile; fileRef = DCD70ABE1AF2531E0069CA09 /* ProfileViewController.m */; };
		DCD70AC91AF2531E0069CA09 /* ProfileViewController.m in Sources */ = {isa = PBXBuildFile; fileRef = DCD70ABE1AF2531E0069CA09 /* ProfileViewController.m */; };
		DCD70ACA1AF2531E0069CA09 /* ProfileViewController.xib in Resources */ = {isa = PBXBuildFile; fileRef = DCD70ABF1AF2531E0069CA09 /* ProfileViewController.xib */; };
		DCD70ACB1AF2531E0069CA09 /* ProfileViewController.xib in Resources */ = {isa = PBXBuildFile; fileRef = DCD70ABF1AF2531E0069CA09 /* ProfileViewController.xib */; };
		DCD70ACC1AF2531E0069CA09 /* RootViewController.m in Sources */ = {isa = PBXBuildFile; fileRef = DCD70AC11AF2531E0069CA09 /* RootViewController.m */; };
		DCD70ACD1AF2531E0069CA09 /* RootViewController.m in Sources */ = {isa = PBXBuildFile; fileRef = DCD70AC11AF2531E0069CA09 /* RootViewController.m */; };
		DCD70ACE1AF2531E0069CA09 /* ShapeViewController.m in Sources */ = {isa = PBXBuildFile; fileRef = DCD70AC31AF2531E0069CA09 /* ShapeViewController.m */; };
		DCD70ACF1AF2531E0069CA09 /* ShapeViewController.m in Sources */ = {isa = PBXBuildFile; fileRef = DCD70AC31AF2531E0069CA09 /* ShapeViewController.m */; };
		DCD70AD01AF2531E0069CA09 /* ShapeViewController.xib in Resources */ = {isa = PBXBuildFile; fileRef = DCD70AC41AF2531E0069CA09 /* ShapeViewController.xib */; };
		DCD70AD11AF2531E0069CA09 /* ShapeViewController.xib in Resources */ = {isa = PBXBuildFile; fileRef = DCD70AC41AF2531E0069CA09 /* ShapeViewController.xib */; };
		DCD70AD21AF2531E0069CA09 /* TextViewController.m in Sources */ = {isa = PBXBuildFile; fileRef = DCD70AC61AF2531E0069CA09 /* TextViewController.m */; };
		DCD70AD31AF2531E0069CA09 /* TextViewController.m in Sources */ = {isa = PBXBuildFile; fileRef = DCD70AC61AF2531E0069CA09 /* TextViewController.m */; };
		DCD70AD41AF2531E0069CA09 /* TextViewController.xib in Resources */ = {isa = PBXBuildFile; fileRef = DCD70AC71AF2531E0069CA09 /* TextViewController.xib */; };
		DCD70AD51AF2531E0069CA09 /* TextViewController.xib in Resources */ = {isa = PBXBuildFile; fileRef = DCD70AC71AF2531E0069CA09 /* TextViewController.xib */; };
		DCD70AD91AF254020069CA09 /* libMtZendoLib.a in Frameworks */ = {isa = PBXBuildFile; fileRef = DC4062BD1AF2517F00AEB751 /* libMtZendoLib.a */; };
		DCD70ADA1AF2540B0069CA09 /* CoreMotion.framework in Frameworks */ = {isa = PBXBuildFile; fileRef = DCD70AB11AF251D90069CA09 /* CoreMotion.framework */; };
		DCD70ADB1AF254120069CA09 /* QuartzCore.framework in Frameworks */ = {isa = PBXBuildFile; fileRef = DCD70AB71AF251FB0069CA09 /* QuartzCore.framework */; };
		DCD70ADC1AF254170069CA09 /* CoreGraphics.framework in Frameworks */ = {isa = PBXBuildFile; fileRef = DCD70AB91AF252000069CA09 /* CoreGraphics.framework */; };
/* End PBXBuildFile section */

/* Begin PBXContainerItemProxy section */
		DC40629D1AF24E9F00AEB751 /* PBXContainerItemProxy */ = {
			isa = PBXContainerItemProxy;
			containerPortal = DC4062781AF24E9F00AEB751 /* Project object */;
			proxyType = 1;
			remoteGlobalIDString = DC40627F1AF24E9F00AEB751;
			remoteInfo = MtZendoDemo;
		};
		DC4062BC1AF2517F00AEB751 /* PBXContainerItemProxy */ = {
			isa = PBXContainerItemProxy;
			containerPortal = DC4062B61AF2517F00AEB751 /* MtZendoLib.xcodeproj */;
			proxyType = 2;
			remoteGlobalIDString = D2AAC07E0554694100DB518D;
			remoteInfo = MtZendoLib;
		};
		DC4062C01AF2517F00AEB751 /* PBXContainerItemProxy */ = {
			isa = PBXContainerItemProxy;
			containerPortal = DC4062B61AF2517F00AEB751 /* MtZendoLib.xcodeproj */;
			proxyType = 2;
			remoteGlobalIDString = DCDA23261AC56E190024CCD9;
			remoteInfo = LibDemoTests;
		};
		DCD70ABB1AF252170069CA09 /* PBXContainerItemProxy */ = {
			isa = PBXContainerItemProxy;
			containerPortal = DC4062B61AF2517F00AEB751 /* MtZendoLib.xcodeproj */;
			proxyType = 1;
			remoteGlobalIDString = D2AAC07D0554694100DB518D;
			remoteInfo = MtZendoLib;
		};
		DCD70AD71AF253FF0069CA09 /* PBXContainerItemProxy */ = {
			isa = PBXContainerItemProxy;
			containerPortal = DC4062B61AF2517F00AEB751 /* MtZendoLib.xcodeproj */;
			proxyType = 1;
			remoteGlobalIDString = D2AAC07D0554694100DB518D;
			remoteInfo = MtZendoLib;
		};
/* End PBXContainerItemProxy section */

/* Begin PBXFileReference section */
		DC4062801AF24E9F00AEB751 /* MtZendoDemo.app */ = {isa = PBXFileReference; explicitFileType = wrapper.application; includeInIndex = 0; path = MtZendoDemo.app; sourceTree = BUILT_PRODUCTS_DIR; };
		DC4062841AF24E9F00AEB751 /* Info.plist */ = {isa = PBXFileReference; lastKnownFileType = text.plist.xml; path = Info.plist; sourceTree = "<group>"; };
		DC4062851AF24E9F00AEB751 /* main.m */ = {isa = PBXFileReference; lastKnownFileType = sourcecode.c.objc; path = main.m; sourceTree = "<group>"; };
		DC4062871AF24E9F00AEB751 /* AppDelegate.h */ = {isa = PBXFileReference; lastKnownFileType = sourcecode.c.h; path = AppDelegate.h; sourceTree = "<group>"; };
		DC4062881AF24E9F00AEB751 /* AppDelegate.m */ = {isa = PBXFileReference; lastKnownFileType = sourcecode.c.objc; path = AppDelegate.m; sourceTree = "<group>"; };
		DC40628B1AF24E9F00AEB751 /* MtZendoDemo.xcdatamodel */ = {isa = PBXFileReference; lastKnownFileType = wrapper.xcdatamodel; path = MtZendoDemo.xcdatamodel; sourceTree = "<group>"; };
		DC40628D1AF24E9F00AEB751 /* ViewController.h */ = {isa = PBXFileReference; lastKnownFileType = sourcecode.c.h; path = ViewController.h; sourceTree = "<group>"; };
		DC40628E1AF24E9F00AEB751 /* ViewController.m */ = {isa = PBXFileReference; lastKnownFileType = sourcecode.c.objc; path = ViewController.m; sourceTree = "<group>"; };
		DC4062911AF24E9F00AEB751 /* Base */ = {isa = PBXFileReference; lastKnownFileType = file.storyboard; name = Base; path = Base.lproj/Main.storyboard; sourceTree = "<group>"; };
		DC4062931AF24E9F00AEB751 /* Images.xcassets */ = {isa = PBXFileReference; lastKnownFileType = folder.assetcatalog; path = Images.xcassets; sourceTree = "<group>"; };
		DC4062961AF24E9F00AEB751 /* Base */ = {isa = PBXFileReference; lastKnownFileType = file.xib; name = Base; path = Base.lproj/LaunchScreen.xib; sourceTree = "<group>"; };
		DC40629C1AF24E9F00AEB751 /* MtZendoDemoTests.xctest */ = {isa = PBXFileReference; explicitFileType = wrapper.cfbundle; includeInIndex = 0; path = MtZendoDemoTests.xctest; sourceTree = BUILT_PRODUCTS_DIR; };
		DC4062A11AF24E9F00AEB751 /* Info.plist */ = {isa = PBXFileReference; lastKnownFileType = text.plist.xml; path = Info.plist; sourceTree = "<group>"; };
		DC4062A21AF24E9F00AEB751 /* MtZendoDemoTests.m */ = {isa = PBXFileReference; lastKnownFileType = sourcecode.c.objc; path = MtZendoDemoTests.m; sourceTree = "<group>"; };
		DC4062B61AF2517F00AEB751 /* MtZendoLib.xcodeproj */ = {isa = PBXFileReference; lastKnownFileType = "wrapper.pb-project"; name = MtZendoLib.xcodeproj; path = DigitalMtLib/MtZendoLib.xcodeproj; sourceTree = SOURCE_ROOT; };
		DCD70AB11AF251D90069CA09 /* CoreMotion.framework */ = {isa = PBXFileReference; lastKnownFileType = wrapper.framework; name = CoreMotion.framework; path = System/Library/Frameworks/CoreMotion.framework; sourceTree = SDKROOT; };
		DCD70AB71AF251FB0069CA09 /* QuartzCore.framework */ = {isa = PBXFileReference; lastKnownFileType = wrapper.framework; name = QuartzCore.framework; path = System/Library/Frameworks/QuartzCore.framework; sourceTree = SDKROOT; };
		DCD70AB91AF252000069CA09 /* CoreGraphics.framework */ = {isa = PBXFileReference; lastKnownFileType = wrapper.framework; name = CoreGraphics.framework; path = System/Library/Frameworks/CoreGraphics.framework; sourceTree = SDKROOT; };
		DCD70ABD1AF2531E0069CA09 /* ProfileViewController.h */ = {isa = PBXFileReference; fileEncoding = 4; lastKnownFileType = sourcecode.c.h; path = ProfileViewController.h; sourceTree = "<group>"; };
		DCD70ABE1AF2531E0069CA09 /* ProfileViewController.m */ = {isa = PBXFileReference; fileEncoding = 4; lastKnownFileType = sourcecode.c.objc; path = ProfileViewController.m; sourceTree = "<group>"; };
		DCD70ABF1AF2531E0069CA09 /* ProfileViewController.xib */ = {isa = PBXFileReference; fileEncoding = 4; lastKnownFileType = file.xib; path = ProfileViewController.xib; sourceTree = "<group>"; };
		DCD70AC01AF2531E0069CA09 /* RootViewController.h */ = {isa = PBXFileReference; fileEncoding = 4; lastKnownFileType = sourcecode.c.h; path = RootViewController.h; sourceTree = "<group>"; };
		DCD70AC11AF2531E0069CA09 /* RootViewController.m */ = {isa = PBXFileReference; fileEncoding = 4; lastKnownFileType = sourcecode.c.objc; path = RootViewController.m; sourceTree = "<group>"; };
		DCD70AC21AF2531E0069CA09 /* ShapeViewController.h */ = {isa = PBXFileReference; fileEncoding = 4; lastKnownFileType = sourcecode.c.h; path = ShapeViewController.h; sourceTree = "<group>"; };
		DCD70AC31AF2531E0069CA09 /* ShapeViewController.m */ = {isa = PBXFileReference; fileEncoding = 4; lastKnownFileType = sourcecode.c.objc; path = ShapeViewController.m; sourceTree = "<group>"; };
		DCD70AC41AF2531E0069CA09 /* ShapeViewController.xib */ = {isa = PBXFileReference; fileEncoding = 4; lastKnownFileType = file.xib; path = ShapeViewController.xib; sourceTree = "<group>"; };
		DCD70AC51AF2531E0069CA09 /* TextViewController.h */ = {isa = PBXFileReference; fileEncoding = 4; lastKnownFileType = sourcecode.c.h; path = TextViewController.h; sourceTree = "<group>"; };
		DCD70AC61AF2531E0069CA09 /* TextViewController.m */ = {isa = PBXFileReference; fileEncoding = 4; lastKnownFileType = sourcecode.c.objc; path = TextViewController.m; sourceTree = "<group>"; };
		DCD70AC71AF2531E0069CA09 /* TextViewController.xib */ = {isa = PBXFileReference; fileEncoding = 4; lastKnownFileType = file.xib; path = TextViewController.xib; sourceTree = "<group>"; };
		DCD70AD61AF253F00069CA09 /* MtZendoLib.pch */ = {isa = PBXFileReference; fileEncoding = 4; lastKnownFileType = sourcecode.c.h; path = MtZendoLib.pch; sourceTree = "<group>"; };
/* End PBXFileReference section */

/* Begin PBXFrameworksBuildPhase section */
		DC40627D1AF24E9F00AEB751 /* Frameworks */ = {
			isa = PBXFrameworksBuildPhase;
			buildActionMask = 2147483647;
			files = (
				DCD70ABA1AF252000069CA09 /* CoreGraphics.framework in Frameworks */,
				DCD70AB81AF251FB0069CA09 /* QuartzCore.framework in Frameworks */,
				DCD70AB31AF251DC0069CA09 /* libMtZendoLib.a in Frameworks */,
				DCD70AB21AF251D90069CA09 /* CoreMotion.framework in Frameworks */,
			);
			runOnlyForDeploymentPostprocessing = 0;
		};
		DC4062991AF24E9F00AEB751 /* Frameworks */ = {
			isa = PBXFrameworksBuildPhase;
			buildActionMask = 2147483647;
			files = (
				DCD70ADC1AF254170069CA09 /* CoreGraphics.framework in Frameworks */,
				DCD70ADB1AF254120069CA09 /* QuartzCore.framework in Frameworks */,
				DCD70ADA1AF2540B0069CA09 /* CoreMotion.framework in Frameworks */,
				DCD70AD91AF254020069CA09 /* libMtZendoLib.a in Frameworks */,
			);
			runOnlyForDeploymentPostprocessing = 0;
		};
/* End PBXFrameworksBuildPhase section */

/* Begin PBXGroup section */
		DC4062771AF24E9F00AEB751 = {
			isa = PBXGroup;
			children = (
				DC4062821AF24E9F00AEB751 /* MtZendoDemo */,
				DC40629F1AF24E9F00AEB751 /* MtZendoDemoTests */,
				DC4062811AF24E9F00AEB751 /* Products */,
			);
			sourceTree = "<group>";
		};
		DC4062811AF24E9F00AEB751 /* Products */ = {
			isa = PBXGroup;
			children = (
				DC4062801AF24E9F00AEB751 /* MtZendoDemo.app */,
				DC40629C1AF24E9F00AEB751 /* MtZendoDemoTests.xctest */,
			);
			name = Products;
			sourceTree = "<group>";
		};
		DC4062821AF24E9F00AEB751 /* MtZendoDemo */ = {
			isa = PBXGroup;
			children = (
				DC4062B61AF2517F00AEB751 /* MtZendoLib.xcodeproj */,
				DC4062871AF24E9F00AEB751 /* AppDelegate.h */,
				DC4062881AF24E9F00AEB751 /* AppDelegate.m */,
				DC40628D1AF24E9F00AEB751 /* ViewController.h */,
				DC40628E1AF24E9F00AEB751 /* ViewController.m */,
				DCD70ABD1AF2531E0069CA09 /* ProfileViewController.h */,
				DCD70ABE1AF2531E0069CA09 /* ProfileViewController.m */,
				DCD70ABF1AF2531E0069CA09 /* ProfileViewController.xib */,
				DCD70AC01AF2531E0069CA09 /* RootViewController.h */,
				DCD70AC11AF2531E0069CA09 /* RootViewController.m */,
				DCD70AC21AF2531E0069CA09 /* ShapeViewController.h */,
				DCD70AC31AF2531E0069CA09 /* ShapeViewController.m */,
				DCD70AC41AF2531E0069CA09 /* ShapeViewController.xib */,
				DCD70AC51AF2531E0069CA09 /* TextViewController.h */,
				DCD70AC61AF2531E0069CA09 /* TextViewController.m */,
				DCD70AC71AF2531E0069CA09 /* TextViewController.xib */,
				DC4062901AF24E9F00AEB751 /* Main.storyboard */,
				DC4062931AF24E9F00AEB751 /* Images.xcassets */,
				DC4062951AF24E9F00AEB751 /* LaunchScreen.xib */,
				DC40628A1AF24E9F00AEB751 /* MtZendoDemo.xcdatamodeld */,
				DC4062831AF24E9F00AEB751 /* Supporting Files */,
			);
			path = MtZendoDemo;
			sourceTree = "<group>";
		};
		DC4062831AF24E9F00AEB751 /* Supporting Files */ = {
			isa = PBXGroup;
			children = (
				DCD70AB91AF252000069CA09 /* CoreGraphics.framework */,
				DCD70AB71AF251FB0069CA09 /* QuartzCore.framework */,
				DCD70AB11AF251D90069CA09 /* CoreMotion.framework */,
				DC4062841AF24E9F00AEB751 /* Info.plist */,
				DCD70AD61AF253F00069CA09 /* MtZendoLib.pch */,
				DC4062851AF24E9F00AEB751 /* main.m */,
			);
			name = "Supporting Files";
			sourceTree = "<group>";
		};
		DC40629F1AF24E9F00AEB751 /* MtZendoDemoTests */ = {
			isa = PBXGroup;
			children = (
				DC4062A21AF24E9F00AEB751 /* MtZendoDemoTests.m */,
				DC4062A01AF24E9F00AEB751 /* Supporting Files */,
			);
			path = MtZendoDemoTests;
			sourceTree = "<group>";
		};
		DC4062A01AF24E9F00AEB751 /* Supporting Files */ = {
			isa = PBXGroup;
			children = (
				DC4062A11AF24E9F00AEB751 /* Info.plist */,
			);
			name = "Supporting Files";
			sourceTree = "<group>";
		};
		DC4062B71AF2517F00AEB751 /* Products */ = {
			isa = PBXGroup;
			children = (
				DC4062BD1AF2517F00AEB751 /* libMtZendoLib.a */,
				DC4062C11AF2517F00AEB751 /* LibDemoTests.xctest */,
			);
			name = Products;
			sourceTree = "<group>";
		};
/* End PBXGroup section */

/* Begin PBXNativeTarget section */
		DC40627F1AF24E9F00AEB751 /* MtZendoDemo */ = {
			isa = PBXNativeTarget;
			buildConfigurationList = DC4062A61AF24E9F00AEB751 /* Build configuration list for PBXNativeTarget "MtZendoDemo" */;
			buildPhases = (
				DC40627C1AF24E9F00AEB751 /* Sources */,
				DC40627D1AF24E9F00AEB751 /* Frameworks */,
				DC40627E1AF24E9F00AEB751 /* Resources */,
			);
			buildRules = (
			);
			dependencies = (
				DCD70ABC1AF252170069CA09 /* PBXTargetDependency */,
			);
			name = MtZendoDemo;
			productName = MtZendoDemo;
			productReference = DC4062801AF24E9F00AEB751 /* MtZendoDemo.app */;
			productType = "com.apple.product-type.application";
		};
		DC40629B1AF24E9F00AEB751 /* MtZendoDemoTests */ = {
			isa = PBXNativeTarget;
			buildConfigurationList = DC4062A91AF24E9F00AEB751 /* Build configuration list for PBXNativeTarget "MtZendoDemoTests" */;
			buildPhases = (
				DC4062981AF24E9F00AEB751 /* Sources */,
				DC4062991AF24E9F00AEB751 /* Frameworks */,
				DC40629A1AF24E9F00AEB751 /* Resources */,
			);
			buildRules = (
			);
			dependencies = (
				DCD70AD81AF253FF0069CA09 /* PBXTargetDependency */,
				DC40629E1AF24E9F00AEB751 /* PBXTargetDependency */,
			);
			name = MtZendoDemoTests;
			productName = MtZendoDemoTests;
			productReference = DC40629C1AF24E9F00AEB751 /* MtZendoDemoTests.xctest */;
			productType = "com.apple.product-type.bundle.unit-test";
		};
/* End PBXNativeTarget section */

/* Begin PBXProject section */
		DC4062781AF24E9F00AEB751 /* Project object */ = {
			isa = PBXProject;
			attributes = {
				LastUpgradeCheck = 0630;
				ORGANIZATIONNAME = "Mt Zendo Inc.";
				TargetAttributes = {
					DC40627F1AF24E9F00AEB751 = {
						CreatedOnToolsVersion = 6.3.1;
					};
					DC40629B1AF24E9F00AEB751 = {
						CreatedOnToolsVersion = 6.3.1;
						TestTargetID = DC40627F1AF24E9F00AEB751;
					};
				};
			};
			buildConfigurationList = DC40627B1AF24E9F00AEB751 /* Build configuration list for PBXProject "MtZendoDemo" */;
			compatibilityVersion = "Xcode 3.2";
			developmentRegion = English;
			hasScannedForEncodings = 0;
			knownRegions = (
				en,
				Base,
			);
			mainGroup = DC4062771AF24E9F00AEB751;
			productRefGroup = DC4062811AF24E9F00AEB751 /* Products */;
			projectDirPath = "";
			projectReferences = (
				{
					ProductGroup = DC4062B71AF2517F00AEB751 /* Products */;
					ProjectRef = DC4062B61AF2517F00AEB751 /* MtZendoLib.xcodeproj */;
				},
			);
			projectRoot = "";
			targets = (
				DC40627F1AF24E9F00AEB751 /* MtZendoDemo */,
				DC40629B1AF24E9F00AEB751 /* MtZendoDemoTests */,
			);
		};
/* End PBXProject section */

/* Begin PBXReferenceProxy section */
		DC4062BD1AF2517F00AEB751 /* libMtZendoLib.a */ = {
			isa = PBXReferenceProxy;
			fileType = archive.ar;
			path = libMtZendoLib.a;
			remoteRef = DC4062BC1AF2517F00AEB751 /* PBXContainerItemProxy */;
			sourceTree = BUILT_PRODUCTS_DIR;
		};
		DC4062C11AF2517F00AEB751 /* LibDemoTests.xctest */ = {
			isa = PBXReferenceProxy;
			fileType = wrapper.cfbundle;
			path = LibDemoTests.xctest;
			remoteRef = DC4062C01AF2517F00AEB751 /* PBXContainerItemProxy */;
			sourceTree = BUILT_PRODUCTS_DIR;
		};
/* End PBXReferenceProxy section */

/* Begin PBXResourcesBuildPhase section */
		DC40627E1AF24E9F00AEB751 /* Resources */ = {
			isa = PBXResourcesBuildPhase;
			buildActionMask = 2147483647;
			files = (
				DC4062921AF24E9F00AEB751 /* Main.storyboard in Resources */,
				DC4062971AF24E9F00AEB751 /* LaunchScreen.xib in Resources */,
				DCD70ACA1AF2531E0069CA09 /* ProfileViewController.xib in Resources */,
				DCD70AD41AF2531E0069CA09 /* TextViewController.xib in Resources */,
				DC4062941AF24E9F00AEB751 /* Images.xcassets in Resources */,
				DCD70AD01AF2531E0069CA09 /* ShapeViewController.xib in Resources */,
			);
			runOnlyForDeploymentPostprocessing = 0;
		};
		DC40629A1AF24E9F00AEB751 /* Resources */ = {
			isa = PBXResourcesBuildPhase;
			buildActionMask = 2147483647;
			files = (
				DCD70AD51AF2531E0069CA09 /* TextViewController.xib in Resources */,
				DCD70AD11AF2531E0069CA09 /* ShapeViewController.xib in Resources */,
				DCD70ACB1AF2531E0069CA09 /* ProfileViewController.xib in Resources */,
			);
			runOnlyForDeploymentPostprocessing = 0;
		};
/* End PBXResourcesBuildPhase section */

/* Begin PBXSourcesBuildPhase section */
		DC40627C1AF24E9F00AEB751 /* Sources */ = {
			isa = PBXSourcesBuildPhase;
			buildActionMask = 2147483647;
			files = (
				DCD70ACE1AF2531E0069CA09 /* ShapeViewController.m in Sources */,
				DC4062891AF24E9F00AEB751 /* AppDelegate.m in Sources */,
				DC4062861AF24E9F00AEB751 /* main.m in Sources */,
				DCD70AD21AF2531E0069CA09 /* TextViewController.m in Sources */,
				DCD70ACC1AF2531E0069CA09 /* RootViewController.m in Sources */,
				DC40628F1AF24E9F00AEB751 /* ViewController.m in Sources */,
				DC40628C1AF24E9F00AEB751 /* MtZendoDemo.xcdatamodeld in Sources */,
				DCD70AC81AF2531E0069CA09 /* ProfileViewController.m in Sources */,
			);
			runOnlyForDeploymentPostprocessing = 0;
		};
		DC4062981AF24E9F00AEB751 /* Sources */ = {
			isa = PBXSourcesBuildPhase;
			buildActionMask = 2147483647;
			files = (
				DCD70AD31AF2531E0069CA09 /* TextViewController.m in Sources */,
				DCD70ACF1AF2531E0069CA09 /* ShapeViewController.m in Sources */,
				DCD70AC91AF2531E0069CA09 /* ProfileViewController.m in Sources */,
				DC4062A31AF24E9F00AEB751 /* MtZendoDemoTests.m in Sources */,
				DCD70ACD1AF2531E0069CA09 /* RootViewController.m in Sources */,
			);
			runOnlyForDeploymentPostprocessing = 0;
		};
/* End PBXSourcesBuildPhase section */

/* Begin PBXTargetDependency section */
		DC40629E1AF24E9F00AEB751 /* PBXTargetDependency */ = {
			isa = PBXTargetDependency;
			target = DC40627F1AF24E9F00AEB751 /* MtZendoDemo */;
			targetProxy = DC40629D1AF24E9F00AEB751 /* PBXContainerItemProxy */;
		};
		DCD70ABC1AF252170069CA09 /* PBXTargetDependency */ = {
			isa = PBXTargetDependency;
			name = MtZendoLib;
			targetProxy = DCD70ABB1AF252170069CA09 /* PBXContainerItemProxy */;
		};
		DCD70AD81AF253FF0069CA09 /* PBXTargetDependency */ = {
			isa = PBXTargetDependency;
			name = MtZendoLib;
			targetProxy = DCD70AD71AF253FF0069CA09 /* PBXContainerItemProxy */;
		};
/* End PBXTargetDependency section */

/* Begin PBXVariantGroup section */
		DC4062901AF24E9F00AEB751 /* Main.storyboard */ = {
			isa = PBXVariantGroup;
			children = (
				DC4062911AF24E9F00AEB751 /* Base */,
			);
			name = Main.storyboard;
			sourceTree = "<group>";
		};
		DC4062951AF24E9F00AEB751 /* LaunchScreen.xib */ = {
			isa = PBXVariantGroup;
			children = (
				DC4062961AF24E9F00AEB751 /* Base */,
			);
			name = LaunchScreen.xib;
			sourceTree = "<group>";
		};
/* End PBXVariantGroup section */

/* Begin XCBuildConfiguration section */
		DC4062A41AF24E9F00AEB751 /* Debug */ = {
			isa = XCBuildConfiguration;
			buildSettings = {
				ALWAYS_SEARCH_USER_PATHS = NO;
				CLANG_CXX_LANGUAGE_STANDARD = "gnu++0x";
				CLANG_CXX_LIBRARY = "libc++";
				CLANG_ENABLE_MODULES = YES;
				CLANG_ENABLE_OBJC_ARC = YES;
				CLANG_WARN_BOOL_CONVERSION = YES;
				CLANG_WARN_CONSTANT_CONVERSION = YES;
				CLANG_WARN_DIRECT_OBJC_ISA_USAGE = YES_ERROR;
				CLANG_WARN_EMPTY_BODY = YES;
				CLANG_WARN_ENUM_CONVERSION = YES;
				CLANG_WARN_INT_CONVERSION = YES;
				CLANG_WARN_OBJC_ROOT_CLASS = YES_ERROR;
				CLANG_WARN_UNREACHABLE_CODE = YES;
				CLANG_WARN__DUPLICATE_METHOD_MATCH = YES;
				"CODE_SIGN_IDENTITY[sdk=iphoneos*]" = "iPhone Developer";
				COPY_PHASE_STRIP = NO;
				DEBUG_INFORMATION_FORMAT = "dwarf-with-dsym";
				ENABLE_STRICT_OBJC_MSGSEND = YES;
				GCC_C_LANGUAGE_STANDARD = gnu99;
				GCC_DYNAMIC_NO_PIC = NO;
				GCC_NO_COMMON_BLOCKS = YES;
				GCC_OPTIMIZATION_LEVEL = 0;
				GCC_PREPROCESSOR_DEFINITIONS = (
					"DEBUG=1",
					"$(inherited)",
				);
				GCC_SYMBOLS_PRIVATE_EXTERN = NO;
				GCC_WARN_64_TO_32_BIT_CONVERSION = YES;
				GCC_WARN_ABOUT_RETURN_TYPE = YES_ERROR;
				GCC_WARN_UNDECLARED_SELECTOR = YES;
				GCC_WARN_UNINITIALIZED_AUTOS = YES_AGGRESSIVE;
				GCC_WARN_UNUSED_FUNCTION = YES;
				GCC_WARN_UNUSED_VARIABLE = YES;
				IPHONEOS_DEPLOYMENT_TARGET = 8.3;
				MTL_ENABLE_DEBUG_INFO = YES;
				ONLY_ACTIVE_ARCH = YES;
				SDKROOT = iphoneos;
				TARGETED_DEVICE_FAMILY = "1,2";
			};
			name = Debug;
		};
		DC4062A51AF24E9F00AEB751 /* Release */ = {
			isa = XCBuildConfiguration;
			buildSettings = {
				ALWAYS_SEARCH_USER_PATHS = NO;
				CLANG_CXX_LANGUAGE_STANDARD = "gnu++0x";
				CLANG_CXX_LIBRARY = "libc++";
				CLANG_ENABLE_MODULES = YES;
				CLANG_ENABLE_OBJC_ARC = YES;
				CLANG_WARN_BOOL_CONVERSION = YES;
				CLANG_WARN_CONSTANT_CONVERSION = YES;
				CLANG_WARN_DIRECT_OBJC_ISA_USAGE = YES_ERROR;
				CLANG_WARN_EMPTY_BODY = YES;
				CLANG_WARN_ENUM_CONVERSION = YES;
				CLANG_WARN_INT_CONVERSION = YES;
				CLANG_WARN_OBJC_ROOT_CLASS = YES_ERROR;
				CLANG_WARN_UNREACHABLE_CODE = YES;
				CLANG_WARN__DUPLICATE_METHOD_MATCH = YES;
				"CODE_SIGN_IDENTITY[sdk=iphoneos*]" = "iPhone Developer";
				COPY_PHASE_STRIP = NO;
				DEBUG_INFORMATION_FORMAT = "dwarf-with-dsym";
				ENABLE_NS_ASSERTIONS = NO;
				ENABLE_STRICT_OBJC_MSGSEND = YES;
				GCC_C_LANGUAGE_STANDARD = gnu99;
				GCC_NO_COMMON_BLOCKS = YES;
				GCC_WARN_64_TO_32_BIT_CONVERSION = YES;
				GCC_WARN_ABOUT_RETURN_TYPE = YES_ERROR;
				GCC_WARN_UNDECLARED_SELECTOR = YES;
				GCC_WARN_UNINITIALIZED_AUTOS = YES_AGGRESSIVE;
				GCC_WARN_UNUSED_FUNCTION = YES;
				GCC_WARN_UNUSED_VARIABLE = YES;
				IPHONEOS_DEPLOYMENT_TARGET = 8.3;
				MTL_ENABLE_DEBUG_INFO = NO;
				SDKROOT = iphoneos;
				TARGETED_DEVICE_FAMILY = "1,2";
				VALIDATE_PRODUCT = YES;
			};
			name = Release;
		};
		DC4062A71AF24E9F00AEB751 /* Debug */ = {
			isa = XCBuildConfiguration;
			buildSettings = {
				ASSETCATALOG_COMPILER_APPICON_NAME = AppIcon;
				GCC_PRECOMPILE_PREFIX_HEADER = YES;
				GCC_PREFIX_HEADER = MtZendoDemo/MtZendoLib.pch;
				HEADER_SEARCH_PATHS = (
					"$(inherited)",
					/Applications/Xcode.app/Contents/Developer/Toolchains/XcodeDefault.xctoolchain/usr/include,
					"../**",
				);
				INFOPLIST_FILE = MtZendoDemo/Info.plist;
				LD_RUNPATH_SEARCH_PATHS = "$(inherited) @executable_path/Frameworks";
				LIBRARY_SEARCH_PATHS = (
					"$(inherited)",
					"$(USER_LIBRARY_DIR)/Developer/Xcode/DerivedData/GithubProjects-cucnnweogqsywaexbxfmqlredrub/Build/Products/Debug-iphoneos",
				);
				OTHER_LDFLAGS = (
					"$(inherited)",
					"-all_load",
				);
				PRODUCT_NAME = "$(TARGET_NAME)";
				USER_HEADER_SEARCH_PATHS = "../**";
			};
			name = Debug;
		};
		DC4062A81AF24E9F00AEB751 /* Release */ = {
			isa = XCBuildConfiguration;
			buildSettings = {
				ASSETCATALOG_COMPILER_APPICON_NAME = AppIcon;
				GCC_PRECOMPILE_PREFIX_HEADER = YES;
				GCC_PREFIX_HEADER = MtZendoDemo/MtZendoLib.pch;
				HEADER_SEARCH_PATHS = (
					"$(inherited)",
					/Applications/Xcode.app/Contents/Developer/Toolchains/XcodeDefault.xctoolchain/usr/include,
					"../**",
				);
				INFOPLIST_FILE = MtZendoDemo/Info.plist;
				LD_RUNPATH_SEARCH_PATHS = "$(inherited) @executable_path/Frameworks";
				LIBRARY_SEARCH_PATHS = (
					"$(inherited)",
					"$(USER_LIBRARY_DIR)/Developer/Xcode/DerivedData/GithubProjects-cucnnweogqsywaexbxfmqlredrub/Build/Products/Debug-iphoneos",
				);
				OTHER_LDFLAGS = (
					"$(inherited)",
					"-all_load",
				);
				PRODUCT_NAME = "$(TARGET_NAME)";
				USER_HEADER_SEARCH_PATHS = "../**";
			};
			name = Release;
		};
		DC4062AA1AF24E9F00AEB751 /* Debug */ = {
			isa = XCBuildConfiguration;
			buildSettings = {
				BUNDLE_LOADER = "$(TEST_HOST)";
				FRAMEWORK_SEARCH_PATHS = (
					"$(SDKROOT)/Developer/Library/Frameworks",
					"$(inherited)",
				);
				GCC_PRECOMPILE_PREFIX_HEADER = YES;
				GCC_PREFIX_HEADER = MtZendoDemo/MtZendoLib.pch;
				GCC_PREPROCESSOR_DEFINITIONS = (
					"DEBUG=1",
					"$(inherited)",
				);
				HEADER_SEARCH_PATHS = (
					"$(inherited)",
					/Applications/Xcode.app/Contents/Developer/Toolchains/XcodeDefault.xctoolchain/usr/include,
					"../**",
				);
				INFOPLIST_FILE = MtZendoDemoTests/Info.plist;
				LD_RUNPATH_SEARCH_PATHS = "$(inherited) @executable_path/Frameworks @loader_path/Frameworks";
				OTHER_LDFLAGS = (
					"$(inherited)",
					"-framework",
					XCTest,
					"-all_load",
				);
				PRODUCT_NAME = "$(TARGET_NAME)";
				TEST_HOST = "$(BUILT_PRODUCTS_DIR)/MtZendoDemo.app/MtZendoDemo";
			};
			name = Debug;
		};
		DC4062AB1AF24E9F00AEB751 /* Release */ = {
			isa = XCBuildConfiguration;
			buildSettings = {
				BUNDLE_LOADER = "$(TEST_HOST)";
				FRAMEWORK_SEARCH_PATHS = (
					"$(SDKROOT)/Developer/Library/Frameworks",
					"$(inherited)",
				);
				GCC_PRECOMPILE_PREFIX_HEADER = YES;
				GCC_PREFIX_HEADER = MtZendoDemo/MtZendoLib.pch;
				HEADER_SEARCH_PATHS = (
					"$(inherited)",
					/Applications/Xcode.app/Contents/Developer/Toolchains/XcodeDefault.xctoolchain/usr/include,
					"../**",
				);
				INFOPLIST_FILE = MtZendoDemoTests/Info.plist;
				LD_RUNPATH_SEARCH_PATHS = "$(inherited) @executable_path/Frameworks @loader_path/Frameworks";
				OTHER_LDFLAGS = (
					"$(inherited)",
					"-framework",
					XCTest,
					"-all_load",
				);
				PRODUCT_NAME = "$(TARGET_NAME)";
				TEST_HOST = "$(BUILT_PRODUCTS_DIR)/MtZendoDemo.app/MtZendoDemo";
			};
			name = Release;
		};
/* End XCBuildConfiguration section */

/* Begin XCConfigurationList section */
		DC40627B1AF24E9F00AEB751 /* Build configuration list for PBXProject "MtZendoDemo" */ = {
			isa = XCConfigurationList;
			buildConfigurations = (
				DC4062A41AF24E9F00AEB751 /* Debug */,
				DC4062A51AF24E9F00AEB751 /* Release */,
			);
			defaultConfigurationIsVisible = 0;
			defaultConfigurationName = Release;
		};
		DC4062A61AF24E9F00AEB751 /* Build configuration list for PBXNativeTarget "MtZendoDemo" */ = {
			isa = XCConfigurationList;
			buildConfigurations = (
				DC4062A71AF24E9F00AEB751 /* Debug */,
				DC4062A81AF24E9F00AEB751 /* Release */,
			);
			defaultConfigurationIsVisible = 0;
			defaultConfigurationName = Release;
		};
		DC4062A91AF24E9F00AEB751 /* Build configuration list for PBXNativeTarget "MtZendoDemoTests" */ = {
			isa = XCConfigurationList;
			buildConfigurations = (
				DC4062AA1AF24E9F00AEB751 /* Debug */,
				DC4062AB1AF24E9F00AEB751 /* Release */,
			);
			defaultConfigurationIsVisible = 0;
			defaultConfigurationName = Release;
		};
/* End XCConfigurationList section */

/* Begin XCVersionGroup section */
		DC40628A1AF24E9F00AEB751 /* MtZendoDemo.xcdatamodeld */ = {
			isa = XCVersionGroup;
			children = (
				DC40628B1AF24E9F00AEB751 /* MtZendoDemo.xcdatamodel */,
			);
			currentVersion = DC40628B1AF24E9F00AEB751 /* MtZendoDemo.xcdatamodel */;
			path = MtZendoDemo.xcdatamodeld;
			sourceTree = "<group>";
			versionGroupType = wrapper.xcdatamodel;
		};
/* End XCVersionGroup section */
	};
	rootObject = DC4062781AF24E9F00AEB751 /* Project object */;
}
